// !$*UTF8*$!
{
	archiveVersion = 1;
	classes = {
	};
	objectVersion = 50;
	objects = {

/* Begin PBXBuildFile section */
		BA9713E72559112C00F90A98 /* CalendarView.swift in Sources */ = {isa = PBXBuildFile; fileRef = BA9713E62559112C00F90A98 /* CalendarView.swift */; };
		BA9713E92559114400F90A98 /* MonthFormatter.swift in Sources */ = {isa = PBXBuildFile; fileRef = BA9713E82559114400F90A98 /* MonthFormatter.swift */; };
		BA9713EC255911AA00F90A98 /* ProgressView.swift in Sources */ = {isa = PBXBuildFile; fileRef = BA9713EB255911AA00F90A98 /* ProgressView.swift */; };
		BA9713EE25591DF600F90A98 /* delete.swift in Sources */ = {isa = PBXBuildFile; fileRef = BA9713ED25591DF600F90A98 /* delete.swift */; };
		BA9713F025592AC300F90A98 /* Habit.swift in Sources */ = {isa = PBXBuildFile; fileRef = BA9713EF25592AC300F90A98 /* Habit.swift */; };
		BA9713F2255936CB00F90A98 /* AddView.swift in Sources */ = {isa = PBXBuildFile; fileRef = BA9713F1255936CB00F90A98 /* AddView.swift */; };
		BA9713F4255A5A5D00F90A98 /* DateFormatter.swift in Sources */ = {isa = PBXBuildFile; fileRef = BA9713F3255A5A5D00F90A98 /* DateFormatter.swift */; };
		BA9713F6255B8FBC00F90A98 /* WeekView.swift in Sources */ = {isa = PBXBuildFile; fileRef = BA9713F5255B8FBC00F90A98 /* WeekView.swift */; };
		BAD51EB62557EF3D003C134B /* AppDelegate.swift in Sources */ = {isa = PBXBuildFile; fileRef = BAD51EB52557EF3D003C134B /* AppDelegate.swift */; };
		BAD51EB82557EF3D003C134B /* SceneDelegate.swift in Sources */ = {isa = PBXBuildFile; fileRef = BAD51EB72557EF3D003C134B /* SceneDelegate.swift */; };
		BAD51EBA2557EF3D003C134B /* ContentView.swift in Sources */ = {isa = PBXBuildFile; fileRef = BAD51EB92557EF3D003C134B /* ContentView.swift */; };
		BAD51EBC2557EF3F003C134B /* Assets.xcassets in Resources */ = {isa = PBXBuildFile; fileRef = BAD51EBB2557EF3F003C134B /* Assets.xcassets */; };
		BAD51EBF2557EF3F003C134B /* Preview Assets.xcassets in Resources */ = {isa = PBXBuildFile; fileRef = BAD51EBE2557EF3F003C134B /* Preview Assets.xcassets */; };
		BAD51EC22557EF3F003C134B /* LaunchScreen.storyboard in Resources */ = {isa = PBXBuildFile; fileRef = BAD51EC02557EF3F003C134B /* LaunchScreen.storyboard */; };
		BAD51ECA2557FB59003C134B /* CheckboxView.swift in Sources */ = {isa = PBXBuildFile; fileRef = BAD51EC92557FB59003C134B /* CheckboxView.swift */; };
		BAD51EF02558B35A003C134B /* Day.swift in Sources */ = {isa = PBXBuildFile; fileRef = BAD51EEF2558B35A003C134B /* Day.swift */; };
/* End PBXBuildFile section */

/* Begin PBXFileReference section */
		BA9713E62559112C00F90A98 /* CalendarView.swift */ = {isa = PBXFileReference; fileEncoding = 4; lastKnownFileType = sourcecode.swift; path = CalendarView.swift; sourceTree = "<group>"; };
		BA9713E82559114400F90A98 /* MonthFormatter.swift */ = {isa = PBXFileReference; fileEncoding = 4; lastKnownFileType = sourcecode.swift; path = MonthFormatter.swift; sourceTree = "<group>"; };
		BA9713EB255911AA00F90A98 /* ProgressView.swift */ = {isa = PBXFileReference; lastKnownFileType = sourcecode.swift; path = ProgressView.swift; sourceTree = "<group>"; };
		BA9713ED25591DF600F90A98 /* delete.swift */ = {isa = PBXFileReference; lastKnownFileType = sourcecode.swift; path = delete.swift; sourceTree = "<group>"; };
		BA9713EF25592AC300F90A98 /* Habit.swift */ = {isa = PBXFileReference; lastKnownFileType = sourcecode.swift; path = Habit.swift; sourceTree = "<group>"; };
		BA9713F1255936CB00F90A98 /* AddView.swift */ = {isa = PBXFileReference; lastKnownFileType = sourcecode.swift; path = AddView.swift; sourceTree = "<group>"; };
		BA9713F3255A5A5D00F90A98 /* DateFormatter.swift */ = {isa = PBXFileReference; lastKnownFileType = sourcecode.swift; path = DateFormatter.swift; sourceTree = "<group>"; };
		BA9713F5255B8FBC00F90A98 /* WeekView.swift */ = {isa = PBXFileReference; lastKnownFileType = sourcecode.swift; path = WeekView.swift; sourceTree = "<group>"; };
		BAD51EB22557EF3D003C134B /* Habitty.app */ = {isa = PBXFileReference; explicitFileType = wrapper.application; includeInIndex = 0; path = Habitty.app; sourceTree = BUILT_PRODUCTS_DIR; };
		BAD51EB52557EF3D003C134B /* AppDelegate.swift */ = {isa = PBXFileReference; lastKnownFileType = sourcecode.swift; path = AppDelegate.swift; sourceTree = "<group>"; };
		BAD51EB72557EF3D003C134B /* SceneDelegate.swift */ = {isa = PBXFileReference; lastKnownFileType = sourcecode.swift; path = SceneDelegate.swift; sourceTree = "<group>"; };
		BAD51EB92557EF3D003C134B /* ContentView.swift */ = {isa = PBXFileReference; lastKnownFileType = sourcecode.swift; path = ContentView.swift; sourceTree = "<group>"; };
		BAD51EBB2557EF3F003C134B /* Assets.xcassets */ = {isa = PBXFileReference; lastKnownFileType = folder.assetcatalog; path = Assets.xcassets; sourceTree = "<group>"; };
		BAD51EBE2557EF3F003C134B /* Preview Assets.xcassets */ = {isa = PBXFileReference; lastKnownFileType = folder.assetcatalog; path = "Preview Assets.xcassets"; sourceTree = "<group>"; };
		BAD51EC12557EF3F003C134B /* Base */ = {isa = PBXFileReference; lastKnownFileType = file.storyboard; name = Base; path = Base.lproj/LaunchScreen.storyboard; sourceTree = "<group>"; };
		BAD51EC32557EF3F003C134B /* Info.plist */ = {isa = PBXFileReference; lastKnownFileType = text.plist.xml; path = Info.plist; sourceTree = "<group>"; };
		BAD51EC92557FB59003C134B /* CheckboxView.swift */ = {isa = PBXFileReference; lastKnownFileType = sourcecode.swift; path = CheckboxView.swift; sourceTree = "<group>"; };
		BAD51EEF2558B35A003C134B /* Day.swift */ = {isa = PBXFileReference; lastKnownFileType = sourcecode.swift; path = Day.swift; sourceTree = "<group>"; };
/* End PBXFileReference section */

/* Begin PBXFrameworksBuildPhase section */
		BAD51EAF2557EF3D003C134B /* Frameworks */ = {
			isa = PBXFrameworksBuildPhase;
			buildActionMask = 2147483647;
			files = (
			);
			runOnlyForDeploymentPostprocessing = 0;
		};
/* End PBXFrameworksBuildPhase section */

/* Begin PBXGroup section */
		BA9713EA2559115600F90A98 /* Calendar */ = {
			isa = PBXGroup;
			children = (
				BAD51EEF2558B35A003C134B /* Day.swift */,
				BA9713E82559114400F90A98 /* MonthFormatter.swift */,
				BA9713F3255A5A5D00F90A98 /* DateFormatter.swift */,
				BA9713E62559112C00F90A98 /* CalendarView.swift */,
			);
			path = Calendar;
			sourceTree = "<group>";
		};
		BAD51EA92557EF3D003C134B = {
			isa = PBXGroup;
			children = (
				BAD51EB42557EF3D003C134B /* Habitty */,
				BAD51EB32557EF3D003C134B /* Products */,
			);
			sourceTree = "<group>";
		};
		BAD51EB32557EF3D003C134B /* Products */ = {
			isa = PBXGroup;
			children = (
				BAD51EB22557EF3D003C134B /* Habitty.app */,
			);
			name = Products;
			sourceTree = "<group>";
		};
		BAD51EB42557EF3D003C134B /* Habitty */ = {
			isa = PBXGroup;
			children = (
				BAD51EB52557EF3D003C134B /* AppDelegate.swift */,
				BAD51EB72557EF3D003C134B /* SceneDelegate.swift */,
				BAD51EB92557EF3D003C134B /* ContentView.swift */,
				BA9713F5255B8FBC00F90A98 /* WeekView.swift */,
				BA9713F1255936CB00F90A98 /* AddView.swift */,
				BA9713EF25592AC300F90A98 /* Habit.swift */,
				BA9713ED25591DF600F90A98 /* delete.swift */,
				BA9713EB255911AA00F90A98 /* ProgressView.swift */,
				BAD51EC92557FB59003C134B /* CheckboxView.swift */,
				BA9713EA2559115600F90A98 /* Calendar */,
				BAD51EBB2557EF3F003C134B /* Assets.xcassets */,
				BAD51EC02557EF3F003C134B /* LaunchScreen.storyboard */,
				BAD51EC32557EF3F003C134B /* Info.plist */,
				BAD51EBD2557EF3F003C134B /* Preview Content */,
			);
			path = Habitty;
			sourceTree = "<group>";
		};
		BAD51EBD2557EF3F003C134B /* Preview Content */ = {
			isa = PBXGroup;
			children = (
				BAD51EBE2557EF3F003C134B /* Preview Assets.xcassets */,
			);
			path = "Preview Content";
			sourceTree = "<group>";
		};
/* End PBXGroup section */

/* Begin PBXNativeTarget section */
		BAD51EB12557EF3D003C134B /* Habitty */ = {
			isa = PBXNativeTarget;
			buildConfigurationList = BAD51EC62557EF3F003C134B /* Build configuration list for PBXNativeTarget "Habitty" */;
			buildPhases = (
				BAD51EAE2557EF3D003C134B /* Sources */,
				BAD51EAF2557EF3D003C134B /* Frameworks */,
				BAD51EB02557EF3D003C134B /* Resources */,
			);
			buildRules = (
			);
			dependencies = (
			);
			name = Habitty;
			productName = Habitty;
			productReference = BAD51EB22557EF3D003C134B /* Habitty.app */;
			productType = "com.apple.product-type.application";
		};
/* End PBXNativeTarget section */

/* Begin PBXProject section */
		BAD51EAA2557EF3D003C134B /* Project object */ = {
			isa = PBXProject;
			attributes = {
				LastSwiftUpdateCheck = 1160;
				LastUpgradeCheck = 1160;
				ORGANIZATIONNAME = "Amber Spadafora";
				TargetAttributes = {
					BAD51EB12557EF3D003C134B = {
						CreatedOnToolsVersion = 11.6;
					};
				};
			};
			buildConfigurationList = BAD51EAD2557EF3D003C134B /* Build configuration list for PBXProject "Habitty" */;
			compatibilityVersion = "Xcode 9.3";
			developmentRegion = en;
			hasScannedForEncodings = 0;
			knownRegions = (
				en,
				Base,
			);
			mainGroup = BAD51EA92557EF3D003C134B;
			productRefGroup = BAD51EB32557EF3D003C134B /* Products */;
			projectDirPath = "";
			projectRoot = "";
			targets = (
				BAD51EB12557EF3D003C134B /* Habitty */,
			);
		};
/* End PBXProject section */

/* Begin PBXResourcesBuildPhase section */
		BAD51EB02557EF3D003C134B /* Resources */ = {
			isa = PBXResourcesBuildPhase;
			buildActionMask = 2147483647;
			files = (
				BAD51EC22557EF3F003C134B /* LaunchScreen.storyboard in Resources */,
				BAD51EBF2557EF3F003C134B /* Preview Assets.xcassets in Resources */,
				BAD51EBC2557EF3F003C134B /* Assets.xcassets in Resources */,
			);
			runOnlyForDeploymentPostprocessing = 0;
		};
/* End PBXResourcesBuildPhase section */

/* Begin PBXSourcesBuildPhase section */
		BAD51EAE2557EF3D003C134B /* Sources */ = {
			isa = PBXSourcesBuildPhase;
			buildActionMask = 2147483647;
			files = (
				BA9713F4255A5A5D00F90A98 /* DateFormatter.swift in Sources */,
				BAD51EB62557EF3D003C134B /* AppDelegate.swift in Sources */,
				BAD51EB82557EF3D003C134B /* SceneDelegate.swift in Sources */,
				BA9713F6255B8FBC00F90A98 /* WeekView.swift in Sources */,
				BA9713E72559112C00F90A98 /* CalendarView.swift in Sources */,
				BAD51EBA2557EF3D003C134B /* ContentView.swift in Sources */,
				BAD51EF02558B35A003C134B /* Day.swift in Sources */,
				BA9713EC255911AA00F90A98 /* ProgressView.swift in Sources */,
				BA9713F2255936CB00F90A98 /* AddView.swift in Sources */,
				BA9713F025592AC300F90A98 /* Habit.swift in Sources */,
				BA9713E92559114400F90A98 /* MonthFormatter.swift in Sources */,
				BA9713EE25591DF600F90A98 /* delete.swift in Sources */,
				BAD51ECA2557FB59003C134B /* CheckboxView.swift in Sources */,
			);
			runOnlyForDeploymentPostprocessing = 0;
		};
/* End PBXSourcesBuildPhase section */

/* Begin PBXVariantGroup section */
		BAD51EC02557EF3F003C134B /* LaunchScreen.storyboard */ = {
			isa = PBXVariantGroup;
			children = (
				BAD51EC12557EF3F003C134B /* Base */,
			);
			name = LaunchScreen.storyboard;
			sourceTree = "<group>";
		};
/* End PBXVariantGroup section */

/* Begin XCBuildConfiguration section */
		BAD51EC42557EF3F003C134B /* Debug */ = {
			isa = XCBuildConfiguration;
			buildSettings = {
				ALWAYS_SEARCH_USER_PATHS = NO;
				CLANG_ANALYZER_NONNULL = YES;
				CLANG_ANALYZER_NUMBER_OBJECT_CONVERSION = YES_AGGRESSIVE;
				CLANG_CXX_LANGUAGE_STANDARD = "gnu++14";
				CLANG_CXX_LIBRARY = "libc++";
				CLANG_ENABLE_MODULES = YES;
				CLANG_ENABLE_OBJC_ARC = YES;
				CLANG_ENABLE_OBJC_WEAK = YES;
				CLANG_WARN_BLOCK_CAPTURE_AUTORELEASING = YES;
				CLANG_WARN_BOOL_CONVERSION = YES;
				CLANG_WARN_COMMA = YES;
				CLANG_WARN_CONSTANT_CONVERSION = YES;
				CLANG_WARN_DEPRECATED_OBJC_IMPLEMENTATIONS = YES;
				CLANG_WARN_DIRECT_OBJC_ISA_USAGE = YES_ERROR;
				CLANG_WARN_DOCUMENTATION_COMMENTS = YES;
				CLANG_WARN_EMPTY_BODY = YES;
				CLANG_WARN_ENUM_CONVERSION = YES;
				CLANG_WARN_INFINITE_RECURSION = YES;
				CLANG_WARN_INT_CONVERSION = YES;
				CLANG_WARN_NON_LITERAL_NULL_CONVERSION = YES;
				CLANG_WARN_OBJC_IMPLICIT_RETAIN_SELF = YES;
				CLANG_WARN_OBJC_LITERAL_CONVERSION = YES;
				CLANG_WARN_OBJC_ROOT_CLASS = YES_ERROR;
				CLANG_WARN_RANGE_LOOP_ANALYSIS = YES;
				CLANG_WARN_STRICT_PROTOTYPES = YES;
				CLANG_WARN_SUSPICIOUS_MOVE = YES;
				CLANG_WARN_UNGUARDED_AVAILABILITY = YES_AGGRESSIVE;
				CLANG_WARN_UNREACHABLE_CODE = YES;
				CLANG_WARN__DUPLICATE_METHOD_MATCH = YES;
				COPY_PHASE_STRIP = NO;
				DEBUG_INFORMATION_FORMAT = dwarf;
				ENABLE_STRICT_OBJC_MSGSEND = YES;
				ENABLE_TESTABILITY = YES;
				GCC_C_LANGUAGE_STANDARD = gnu11;
				GCC_DYNAMIC_NO_PIC = NO;
				GCC_NO_COMMON_BLOCKS = YES;
				GCC_OPTIMIZATION_LEVEL = 0;
				GCC_PREPROCESSOR_DEFINITIONS = (
					"DEBUG=1",
					"$(inherited)",
				);
				GCC_WARN_64_TO_32_BIT_CONVERSION = YES;
				GCC_WARN_ABOUT_RETURN_TYPE = YES_ERROR;
				GCC_WARN_UNDECLARED_SELECTOR = YES;
				GCC_WARN_UNINITIALIZED_AUTOS = YES_AGGRESSIVE;
				GCC_WARN_UNUSED_FUNCTION = YES;
				GCC_WARN_UNUSED_VARIABLE = YES;
				IPHONEOS_DEPLOYMENT_TARGET = 13.6;
				MTL_ENABLE_DEBUG_INFO = INCLUDE_SOURCE;
				MTL_FAST_MATH = YES;
				ONLY_ACTIVE_ARCH = YES;
				SDKROOT = iphoneos;
				SWIFT_ACTIVE_COMPILATION_CONDITIONS = DEBUG;
				SWIFT_OPTIMIZATION_LEVEL = "-Onone";
			};
			name = Debug;
		};
		BAD51EC52557EF3F003C134B /* Release */ = {
			isa = XCBuildConfiguration;
			buildSettings = {
				ALWAYS_SEARCH_USER_PATHS = NO;
				CLANG_ANALYZER_NONNULL = YES;
				CLANG_ANALYZER_NUMBER_OBJECT_CONVERSION = YES_AGGRESSIVE;
				CLANG_CXX_LANGUAGE_STANDARD = "gnu++14";
				CLANG_CXX_LIBRARY = "libc++";
				CLANG_ENABLE_MODULES = YES;
				CLANG_ENABLE_OBJC_ARC = YES;
				CLANG_ENABLE_OBJC_WEAK = YES;
				CLANG_WARN_BLOCK_CAPTURE_AUTORELEASING = YES;
				CLANG_WARN_BOOL_CONVERSION = YES;
				CLANG_WARN_COMMA = YES;
				CLANG_WARN_CONSTANT_CONVERSION = YES;
				CLANG_WARN_DEPRECATED_OBJC_IMPLEMENTATIONS = YES;
				CLANG_WARN_DIRECT_OBJC_ISA_USAGE = YES_ERROR;
				CLANG_WARN_DOCUMENTATION_COMMENTS = YES;
				CLANG_WARN_EMPTY_BODY = YES;
				CLANG_WARN_ENUM_CONVERSION = YES;
				CLANG_WARN_INFINITE_RECURSION = YES;
				CLANG_WARN_INT_CONVERSION = YES;
				CLANG_WARN_NON_LITERAL_NULL_CONVERSION = YES;
				CLANG_WARN_OBJC_IMPLICIT_RETAIN_SELF = YES;
				CLANG_WARN_OBJC_LITERAL_CONVERSION = YES;
				CLANG_WARN_OBJC_ROOT_CLASS = YES_ERROR;
				CLANG_WARN_RANGE_LOOP_ANALYSIS = YES;
				CLANG_WARN_STRICT_PROTOTYPES = YES;
				CLANG_WARN_SUSPICIOUS_MOVE = YES;
				CLANG_WARN_UNGUARDED_AVAILABILITY = YES_AGGRESSIVE;
				CLANG_WARN_UNREACHABLE_CODE = YES;
				CLANG_WARN__DUPLICATE_METHOD_MATCH = YES;
				COPY_PHASE_STRIP = NO;
				DEBUG_INFORMATION_FORMAT = "dwarf-with-dsym";
				ENABLE_NS_ASSERTIONS = NO;
				ENABLE_STRICT_OBJC_MSGSEND = YES;
				GCC_C_LANGUAGE_STANDARD = gnu11;
				GCC_NO_COMMON_BLOCKS = YES;
				GCC_WARN_64_TO_32_BIT_CONVERSION = YES;
				GCC_WARN_ABOUT_RETURN_TYPE = YES_ERROR;
				GCC_WARN_UNDECLARED_SELECTOR = YES;
				GCC_WARN_UNINITIALIZED_AUTOS = YES_AGGRESSIVE;
				GCC_WARN_UNUSED_FUNCTION = YES;
				GCC_WARN_UNUSED_VARIABLE = YES;
				IPHONEOS_DEPLOYMENT_TARGET = 13.6;
				MTL_ENABLE_DEBUG_INFO = NO;
				MTL_FAST_MATH = YES;
				SDKROOT = iphoneos;
				SWIFT_COMPILATION_MODE = wholemodule;
				SWIFT_OPTIMIZATION_LEVEL = "-O";
				VALIDATE_PRODUCT = YES;
			};
			name = Release;
		};
		BAD51EC72557EF3F003C134B /* Debug */ = {
			isa = XCBuildConfiguration;
			buildSettings = {
				ASSETCATALOG_COMPILER_APPICON_NAME = AppIcon;
				CODE_SIGN_STYLE = Automatic;
				DEVELOPMENT_ASSET_PATHS = "\"Habitty/Preview Content\"";
				ENABLE_PREVIEWS = YES;
				INFOPLIST_FILE = Habitty/Info.plist;
				LD_RUNPATH_SEARCH_PATHS = (
					"$(inherited)",
					"@executable_path/Frameworks",
				);
				PRODUCT_BUNDLE_IDENTIFIER = "com-amber.Habitty";
				PRODUCT_NAME = "$(TARGET_NAME)";
				SWIFT_VERSION = 5.0;
				TARGETED_DEVICE_FAMILY = "1,2";
			};
			name = Debug;
		};
		BAD51EC82557EF3F003C134B /* Release */ = {
			isa = XCBuildConfiguration;
			buildSettings = {
				ASSETCATALOG_COMPILER_APPICON_NAME = AppIcon;
				CODE_SIGN_STYLE = Automatic;
				DEVELOPMENT_ASSET_PATHS = "\"Habitty/Preview Content\"";
				ENABLE_PREVIEWS = YES;
				INFOPLIST_FILE = Habitty/Info.plist;
				LD_RUNPATH_SEARCH_PATHS = (
					"$(inherited)",
					"@executable_path/Frameworks",
				);
				PRODUCT_BUNDLE_IDENTIFIER = "com-amber.Habitty";
				PRODUCT_NAME = "$(TARGET_NAME)";
				SWIFT_VERSION = 5.0;
				TARGETED_DEVICE_FAMILY = "1,2";
			};
			name = Release;
		};
/* End XCBuildConfiguration section */

/* Begin XCConfigurationList section */
		BAD51EAD2557EF3D003C134B /* Build configuration list for PBXProject "Habitty" */ = {
			isa = XCConfigurationList;
			buildConfigurations = (
				BAD51EC42557EF3F003C134B /* Debug */,
				BAD51EC52557EF3F003C134B /* Release */,
			);
			defaultConfigurationIsVisible = 0;
			defaultConfigurationName = Release;
		};
		BAD51EC62557EF3F003C134B /* Build configuration list for PBXNativeTarget "Habitty" */ = {
			isa = XCConfigurationList;
			buildConfigurations = (
				BAD51EC72557EF3F003C134B /* Debug */,
				BAD51EC82557EF3F003C134B /* Release */,
			);
			defaultConfigurationIsVisible = 0;
			defaultConfigurationName = Release;
		};
/* End XCConfigurationList section */
	};
	rootObject = BAD51EAA2557EF3D003C134B /* Project object */;
}
